
Microsoft Visual Studio Solution File, Format Version 12.00
# Visual Studio Version 16
VisualStudioVersion = 16.0.31205.134
MinimumVisualStudioVersion = 10.0.40219.1
Project("{9A19103F-16F7-4668-BE54-9A1E7A4F7556}") = "SEOResultChecker.Service", "SEOResultChecker.Service\SEOResultChecker.Service.csproj", "{1660DBA5-443A-4E65-B0E7-CFD12354AE78}"
EndProject
Project("{9A19103F-16F7-4668-BE54-9A1E7A4F7556}") = "SEOResultChecker.Core", "SEOResultChecker.Core\SEOResultChecker.Core.csproj", "{C9776C8C-5472-4FB9-ABD4-8686B8670DD5}"
EndProject
Project("{9A19103F-16F7-4668-BE54-9A1E7A4F7556}") = "SEOResultChecker.DomainLogic", "SEOResultChecker.DomainLogic\SEOResultChecker.DomainLogic.csproj", "{268CB4E1-2B78-43A6-ABEA-A1EC83D16E30}"
EndProject
Project("{9A19103F-16F7-4668-BE54-9A1E7A4F7556}") = "SEOResultChecker.UI", "SEOResultChecker.UI\SEOResultChecker.UI.csproj", "{1810DFC7-F748-43B0-A1E6-D87AB66EF56F}"
EndProject
Project("{9A19103F-16F7-4668-BE54-9A1E7A4F7556}") = "SEOResultChecker.Service.IntegrationTest", "SEOResultChecker.Service.IntegrationTest\SEOResultChecker.Service.IntegrationTest.csproj", "{52DB894C-91FD-4A93-877F-32B5915BFA27}"
EndProject
Project("{FAE04EC0-301F-11D3-BF4B-00C04F79EFBC}") = "SEOResultChecker.UnitTest", "SEOResultChecker.UnitTest\SEOResultChecker.UnitTest.csproj", "{3D4F8F8C-007E-4C76-B69B-A4AF34AF0101}"
EndProject
Global
	GlobalSection(SolutionConfigurationPlatforms) = preSolution
		Debug|Any CPU = Debug|Any CPU
		Release|Any CPU = Release|Any CPU
	EndGlobalSection
	GlobalSection(ProjectConfigurationPlatforms) = postSolution
		{1660DBA5-443A-4E65-B0E7-CFD12354AE78}.Debug|Any CPU.ActiveCfg = Debug|Any CPU
		{1660DBA5-443A-4E65-B0E7-CFD12354AE78}.Debug|Any CPU.Build.0 = Debug|Any CPU
		{1660DBA5-443A-4E65-B0E7-CFD12354AE78}.Release|Any CPU.ActiveCfg = Release|Any CPU
		{1660DBA5-443A-4E65-B0E7-CFD12354AE78}.Release|Any CPU.Build.0 = Release|Any CPU
		{C9776C8C-5472-4FB9-ABD4-8686B8670DD5}.Debug|Any CPU.ActiveCfg = Debug|Any CPU
		{C9776C8C-5472-4FB9-ABD4-8686B8670DD5}.Debug|Any CPU.Build.0 = Debug|Any CPU
		{C9776C8C-5472-4FB9-ABD4-8686B8670DD5}.Release|Any CPU.ActiveCfg = Release|Any CPU
		{C9776C8C-5472-4FB9-ABD4-8686B8670DD5}.Release|Any CPU.Build.0 = Release|Any CPU
		{268CB4E1-2B78-43A6-ABEA-A1EC83D16E30}.Debug|Any CPU.ActiveCfg = Debug|Any CPU
		{268CB4E1-2B78-43A6-ABEA-A1EC83D16E30}.Debug|Any CPU.Build.0 = Debug|Any CPU
		{268CB4E1-2B78-43A6-ABEA-A1EC83D16E30}.Release|Any CPU.ActiveCfg = Release|Any CPU
		{268CB4E1-2B78-43A6-ABEA-A1EC83D16E30}.Release|Any CPU.Build.0 = Release|Any CPU
		{1810DFC7-F748-43B0-A1E6-D87AB66EF56F}.Debug|Any CPU.ActiveCfg = Debug|Any CPU
		{1810DFC7-F748-43B0-A1E6-D87AB66EF56F}.Debug|Any CPU.Build.0 = Debug|Any CPU
		{1810DFC7-F748-43B0-A1E6-D87AB66EF56F}.Release|Any CPU.ActiveCfg = Release|Any CPU
		{1810DFC7-F748-43B0-A1E6-D87AB66EF56F}.Release|Any CPU.Build.0 = Release|Any CPU
		{52DB894C-91FD-4A93-877F-32B5915BFA27}.Debug|Any CPU.ActiveCfg = Debug|Any CPU
		{52DB894C-91FD-4A93-877F-32B5915BFA27}.Debug|Any CPU.Build.0 = Debug|Any CPU
		{52DB894C-91FD-4A93-877F-32B5915BFA27}.Release|Any CPU.ActiveCfg = Release|Any CPU
		{52DB894C-91FD-4A93-877F-32B5915BFA27}.Release|Any CPU.Build.0 = Release|Any CPU
		{3D4F8F8C-007E-4C76-B69B-A4AF34AF0101}.Debug|Any CPU.ActiveCfg = Debug|Any CPU
		{3D4F8F8C-007E-4C76-B69B-A4AF34AF0101}.Debug|Any CPU.Build.0 = Debug|Any CPU
		{3D4F8F8C-007E-4C76-B69B-A4AF34AF0101}.Release|Any CPU.ActiveCfg = Release|Any CPU
		{3D4F8F8C-007E-4C76-B69B-A4AF34AF0101}.Release|Any CPU.Build.0 = Release|Any CPU
	EndGlobalSection
	GlobalSection(SolutionProperties) = preSolution
		HideSolutionNode = FALSE
	EndGlobalSection
	GlobalSection(ExtensibilityGlobals) = postSolution
		SolutionGuid = {078E3967-006D-4791-86CC-8B53C7AF8B8A}
	EndGlobalSection
EndGlobal
